
Microsoft Visual Studio Solution File, Format Version 12.00
# Visual Studio 15
VisualStudioVersion = 15.0.28307.421
MinimumVisualStudioVersion = 10.0.40219.1
Project("{FAE04EC0-301F-11D3-BF4B-00C04F79EFBC}") = "SolidVehicles", "SolidVehicles\SolidVehicles.csproj", "{44C06F67-76B4-4D7D-8B8F-17903B52B8A0}"
EndProject
Global
	GlobalSection(SolutionConfigurationPlatforms) = preSolution
		Debug|Any CPU = Debug|Any CPU
		Release|Any CPU = Release|Any CPU
	EndGlobalSection
	GlobalSection(ProjectConfigurationPlatforms) = postSolution
		{44C06F67-76B4-4D7D-8B8F-17903B52B8A0}.Debug|Any CPU.ActiveCfg = Debug|Any CPU
		{44C06F67-76B4-4D7D-8B8F-17903B52B8A0}.Debug|Any CPU.Build.0 = Debug|Any CPU
		{44C06F67-76B4-4D7D-8B8F-17903B52B8A0}.Release|Any CPU.ActiveCfg = Release|Any CPU
		{44C06F67-76B4-4D7D-8B8F-17903B52B8A0}.Release|Any CPU.Build.0 = Release|Any CPU
	EndGlobalSection
	GlobalSection(SolutionProperties) = preSolution
		HideSolutionNode = FALSE
	EndGlobalSection
	GlobalSection(ExtensibilityGlobals) = postSolution
		SolutionGuid = {F20440CC-7202-4413-BA40-DF28BFEBFF99}
	EndGlobalSection
EndGlobal
